// !$*UTF8*$!
{
	archiveVersion = 1;
	classes = {
	};
	objectVersion = 46;
	objects = {

/* Begin PBXBuildFile section */
		3827C7821A290AA100AFBB58 /* AppDelegate.swift in Sources */ = {isa = PBXBuildFile; fileRef = 3827C7811A290AA100AFBB58 /* AppDelegate.swift */; };
		3827C7841A290AA100AFBB58 /* ViewController.swift in Sources */ = {isa = PBXBuildFile; fileRef = 3827C7831A290AA100AFBB58 /* ViewController.swift */; };
		3827C7871A290AA100AFBB58 /* Main.storyboard in Resources */ = {isa = PBXBuildFile; fileRef = 3827C7851A290AA100AFBB58 /* Main.storyboard */; };
		3827C7891A290AA100AFBB58 /* Images.xcassets in Resources */ = {isa = PBXBuildFile; fileRef = 3827C7881A290AA100AFBB58 /* Images.xcassets */; };
		3827C7981A290AA100AFBB58 /* BullsEyeTests.swift in Sources */ = {isa = PBXBuildFile; fileRef = 3827C7971A290AA100AFBB58 /* BullsEyeTests.swift */; };
		3827C7A21A29397E00AFBB58 /* AboutViewController.swift in Sources */ = {isa = PBXBuildFile; fileRef = 3827C7A11A29397E00AFBB58 /* AboutViewController.swift */; };
		3827C7A41A29469700AFBB58 /* BullsEye.html in Resources */ = {isa = PBXBuildFile; fileRef = 3827C7A31A29469700AFBB58 /* BullsEye.html */; };
/* End PBXBuildFile section */

/* Begin PBXContainerItemProxy section */
		3827C7921A290AA100AFBB58 /* PBXContainerItemProxy */ = {
			isa = PBXContainerItemProxy;
			containerPortal = 3827C7741A290AA100AFBB58 /* Project object */;
			proxyType = 1;
			remoteGlobalIDString = 3827C77B1A290AA100AFBB58;
			remoteInfo = BullsEye;
		};
/* End PBXContainerItemProxy section */

/* Begin PBXFileReference section */
		3827C77C1A290AA100AFBB58 /* BullsEye.app */ = {isa = PBXFileReference; explicitFileType = wrapper.application; includeInIndex = 0; path = BullsEye.app; sourceTree = BUILT_PRODUCTS_DIR; };
		3827C7801A290AA100AFBB58 /* Info.plist */ = {isa = PBXFileReference; lastKnownFileType = text.plist.xml; path = Info.plist; sourceTree = "<group>"; };
		3827C7811A290AA100AFBB58 /* AppDelegate.swift */ = {isa = PBXFileReference; lastKnownFileType = sourcecode.swift; path = AppDelegate.swift; sourceTree = "<group>"; };
		3827C7831A290AA100AFBB58 /* ViewController.swift */ = {isa = PBXFileReference; lastKnownFileType = sourcecode.swift; path = ViewController.swift; sourceTree = "<group>"; };
		3827C7861A290AA100AFBB58 /* Base */ = {isa = PBXFileReference; lastKnownFileType = file.storyboard; name = Base; path = Base.lproj/Main.storyboard; sourceTree = "<group>"; };
		3827C7881A290AA100AFBB58 /* Images.xcassets */ = {isa = PBXFileReference; lastKnownFileType = folder.assetcatalog; path = Images.xcassets; sourceTree = "<group>"; };
		3827C7911A290AA100AFBB58 /* BullsEyeTests.xctest */ = {isa = PBXFileReference; explicitFileType = wrapper.cfbundle; includeInIndex = 0; path = BullsEyeTests.xctest; sourceTree = BUILT_PRODUCTS_DIR; };
		3827C7961A290AA100AFBB58 /* Info.plist */ = {isa = PBXFileReference; lastKnownFileType = text.plist.xml; path = Info.plist; sourceTree = "<group>"; };
		3827C7971A290AA100AFBB58 /* BullsEyeTests.swift */ = {isa = PBXFileReference; lastKnownFileType = sourcecode.swift; path = BullsEyeTests.swift; sourceTree = "<group>"; };
		3827C7A11A29397E00AFBB58 /* AboutViewController.swift */ = {isa = PBXFileReference; fileEncoding = 4; lastKnownFileType = sourcecode.swift; path = AboutViewController.swift; sourceTree = "<group>"; };
		3827C7A31A29469700AFBB58 /* BullsEye.html */ = {isa = PBXFileReference; fileEncoding = 4; lastKnownFileType = text.html; path = BullsEye.html; sourceTree = "<group>"; };
/* End PBXFileReference section */

/* Begin PBXFrameworksBuildPhase section */
		3827C7791A290AA100AFBB58 /* Frameworks */ = {
			isa = PBXFrameworksBuildPhase;
			buildActionMask = 2147483647;
			files = (
			);
			runOnlyForDeploymentPostprocessing = 0;
		};
		3827C78E1A290AA100AFBB58 /* Frameworks */ = {
			isa = PBXFrameworksBuildPhase;
			buildActionMask = 2147483647;
			files = (
			);
			runOnlyForDeploymentPostprocessing = 0;
		};
/* End PBXFrameworksBuildPhase section */

/* Begin PBXGroup section */
		3827C7731A290AA100AFBB58 = {
			isa = PBXGroup;
			children = (
				3827C77E1A290AA100AFBB58 /* BullsEye */,
				3827C7941A290AA100AFBB58 /* BullsEyeTests */,
				3827C77D1A290AA100AFBB58 /* Products */,
			);
			sourceTree = "<group>";
		};
		3827C77D1A290AA100AFBB58 /* Products */ = {
			isa = PBXGroup;
			children = (
				3827C77C1A290AA100AFBB58 /* BullsEye.app */,
				3827C7911A290AA100AFBB58 /* BullsEyeTests.xctest */,
			);
			name = Products;
			sourceTree = "<group>";
		};
		3827C77E1A290AA100AFBB58 /* BullsEye */ = {
			isa = PBXGroup;
			children = (
				3827C7A31A29469700AFBB58 /* BullsEye.html */,
				3827C7811A290AA100AFBB58 /* AppDelegate.swift */,
				3827C7831A290AA100AFBB58 /* ViewController.swift */,
				3827C7A11A29397E00AFBB58 /* AboutViewController.swift */,
				3827C7851A290AA100AFBB58 /* Main.storyboard */,
				3827C7881A290AA100AFBB58 /* Images.xcassets */,
				3827C77F1A290AA100AFBB58 /* Supporting Files */,
			);
			path = BullsEye;
			sourceTree = "<group>";
		};
		3827C77F1A290AA100AFBB58 /* Supporting Files */ = {
			isa = PBXGroup;
			children = (
				3827C7801A290AA100AFBB58 /* Info.plist */,
			);
			name = "Supporting Files";
			sourceTree = "<group>";
		};
		3827C7941A290AA100AFBB58 /* BullsEyeTests */ = {
			isa = PBXGroup;
			children = (
				3827C7971A290AA100AFBB58 /* BullsEyeTests.swift */,
				3827C7951A290AA100AFBB58 /* Supporting Files */,
			);
			path = BullsEyeTests;
			sourceTree = "<group>";
		};
		3827C7951A290AA100AFBB58 /* Supporting Files */ = {
			isa = PBXGroup;
			children = (
				3827C7961A290AA100AFBB58 /* Info.plist */,
			);
			name = "Supporting Files";
			sourceTree = "<group>";
		};
/* End PBXGroup section */

/* Begin PBXNativeTarget section */
		3827C77B1A290AA100AFBB58 /* BullsEye */ = {
			isa = PBXNativeTarget;
			buildConfigurationList = 3827C79B1A290AA100AFBB58 /* Build configuration list for PBXNativeTarget "BullsEye" */;
			buildPhases = (
				3827C7781A290AA100AFBB58 /* Sources */,
				3827C7791A290AA100AFBB58 /* Frameworks */,
				3827C77A1A290AA100AFBB58 /* Resources */,
			);
			buildRules = (
			);
			dependencies = (
			);
			name = BullsEye;
			productName = BullsEye;
			productReference = 3827C77C1A290AA100AFBB58 /* BullsEye.app */;
			productType = "com.apple.product-type.application";
		};
		3827C7901A290AA100AFBB58 /* BullsEyeTests */ = {
			isa = PBXNativeTarget;
			buildConfigurationList = 3827C79E1A290AA100AFBB58 /* Build configuration list for PBXNativeTarget "BullsEyeTests" */;
			buildPhases = (
				3827C78D1A290AA100AFBB58 /* Sources */,
				3827C78E1A290AA100AFBB58 /* Frameworks */,
				3827C78F1A290AA100AFBB58 /* Resources */,
			);
			buildRules = (
			);
			dependencies = (
				3827C7931A290AA100AFBB58 /* PBXTargetDependency */,
			);
			name = BullsEyeTests;
			productName = BullsEyeTests;
			productReference = 3827C7911A290AA100AFBB58 /* BullsEyeTests.xctest */;
			productType = "com.apple.product-type.bundle.unit-test";
		};
/* End PBXNativeTarget section */

/* Begin PBXProject section */
		3827C7741A290AA100AFBB58 /* Project object */ = {
			isa = PBXProject;
			attributes = {
				LastUpgradeCheck = 0610;
				ORGANIZATIONNAME = Abhi;
				TargetAttributes = {
					3827C77B1A290AA100AFBB58 = {
						CreatedOnToolsVersion = 6.1;
					};
					3827C7901A290AA100AFBB58 = {
						CreatedOnToolsVersion = 6.1;
						TestTargetID = 3827C77B1A290AA100AFBB58;
					};
				};
			};
			buildConfigurationList = 3827C7771A290AA100AFBB58 /* Build configuration list for PBXProject "BullsEye" */;
			compatibilityVersion = "Xcode 3.2";
			developmentRegion = English;
			hasScannedForEncodings = 0;
			knownRegions = (
				en,
				Base,
			);
			mainGroup = 3827C7731A290AA100AFBB58;
			productRefGroup = 3827C77D1A290AA100AFBB58 /* Products */;
			projectDirPath = "";
			projectRoot = "";
			targets = (
				3827C77B1A290AA100AFBB58 /* BullsEye */,
				3827C7901A290AA100AFBB58 /* BullsEyeTests */,
			);
		};
/* End PBXProject section */

/* Begin PBXResourcesBuildPhase section */
		3827C77A1A290AA100AFBB58 /* Resources */ = {
			isa = PBXResourcesBuildPhase;
			buildActionMask = 2147483647;
			files = (
				3827C7871A290AA100AFBB58 /* Main.storyboard in Resources */,
				3827C7A41A29469700AFBB58 /* BullsEye.html in Resources */,
				3827C7891A290AA100AFBB58 /* Images.xcassets in Resources */,
			);
			runOnlyForDeploymentPostprocessing = 0;
		};
		3827C78F1A290AA100AFBB58 /* Resources */ = {
			isa = PBXResourcesBuildPhase;
			buildActionMask = 2147483647;
			files = (
			);
			runOnlyForDeploymentPostprocessing = 0;
		};
/* End PBXResourcesBuildPhase section */

/* Begin PBXSourcesBuildPhase section */
		3827C7781A290AA100AFBB58 /* Sources */ = {
			isa = PBXSourcesBuildPhase;
			buildActionMask = 2147483647;
			files = (
				3827C7A21A29397E00AFBB58 /* AboutViewController.swift in Sources */,
				3827C7841A290AA100AFBB58 /* ViewController.swift in Sources */,
				3827C7821A290AA100AFBB58 /* AppDelegate.swift in Sources */,
			);
			runOnlyForDeploymentPostprocessing = 0;
		};
		3827C78D1A290AA100AFBB58 /* Sources */ = {
			isa = PBXSourcesBuildPhase;
			buildActionMask = 2147483647;
			files = (
				3827C7981A290AA100AFBB58 /* BullsEyeTests.swift in Sources */,
			);
			runOnlyForDeploymentPostprocessing = 0;
		};
/* End PBXSourcesBuildPhase section */

/* Begin PBXTargetDependency section */
		3827C7931A290AA100AFBB58 /* PBXTargetDependency */ = {
			isa = PBXTargetDependency;
			target = 3827C77B1A290AA100AFBB58 /* BullsEye */;
			targetProxy = 3827C7921A290AA100AFBB58 /* PBXContainerItemProxy */;
		};
/* End PBXTargetDependency section */

/* Begin PBXVariantGroup section */
		3827C7851A290AA100AFBB58 /* Main.storyboard */ = {
			isa = PBXVariantGroup;
			children = (
				3827C7861A290AA100AFBB58 /* Base */,
			);
			name = Main.storyboard;
			sourceTree = "<group>";
		};
/* End PBXVariantGroup section */

/* Begin XCBuildConfiguration section */
		3827C7991A290AA100AFBB58 /* Debug */ = {
			isa = XCBuildConfiguration;
			buildSettings = {
				ALWAYS_SEARCH_USER_PATHS = NO;
				CLANG_CXX_LANGUAGE_STANDARD = "gnu++0x";
				CLANG_CXX_LIBRARY = "libc++";
				CLANG_ENABLE_MODULES = YES;
				CLANG_ENABLE_OBJC_ARC = YES;
				CLANG_WARN_BOOL_CONVERSION = YES;
				CLANG_WARN_CONSTANT_CONVERSION = YES;
				CLANG_WARN_DIRECT_OBJC_ISA_USAGE = YES_ERROR;
				CLANG_WARN_EMPTY_BODY = YES;
				CLANG_WARN_ENUM_CONVERSION = YES;
				CLANG_WARN_INT_CONVERSION = YES;
				CLANG_WARN_OBJC_ROOT_CLASS = YES_ERROR;
				CLANG_WARN_UNREACHABLE_CODE = YES;
				CLANG_WARN__DUPLICATE_METHOD_MATCH = YES;
				"CODE_SIGN_IDENTITY[sdk=iphoneos*]" = "iPhone Developer";
				COPY_PHASE_STRIP = NO;
				ENABLE_STRICT_OBJC_MSGSEND = YES;
				GCC_C_LANGUAGE_STANDARD = gnu99;
				GCC_DYNAMIC_NO_PIC = NO;
				GCC_OPTIMIZATION_LEVEL = 0;
				GCC_PREPROCESSOR_DEFINITIONS = (
					"DEBUG=1",
					"$(inherited)",
				);
				GCC_SYMBOLS_PRIVATE_EXTERN = NO;
				GCC_WARN_64_TO_32_BIT_CONVERSION = YES;
				GCC_WARN_ABOUT_RETURN_TYPE = YES_ERROR;
				GCC_WARN_UNDECLARED_SELECTOR = YES;
				GCC_WARN_UNINITIALIZED_AUTOS = YES_AGGRESSIVE;
				GCC_WARN_UNUSED_FUNCTION = YES;
				GCC_WARN_UNUSED_VARIABLE = YES;
				IPHONEOS_DEPLOYMENT_TARGET = 8.1;
				MTL_ENABLE_DEBUG_INFO = YES;
				ONLY_ACTIVE_ARCH = YES;
				SDKROOT = iphoneos;
				SWIFT_OPTIMIZATION_LEVEL = "-Onone";
			};
			name = Debug;
		};
		3827C79A1A290AA100AFBB58 /* Release */ = {
			isa = XCBuildConfiguration;
			buildSettings = {
				ALWAYS_SEARCH_USER_PATHS = NO;
				CLANG_CXX_LANGUAGE_STANDARD = "gnu++0x";
				CLANG_CXX_LIBRARY = "libc++";
				CLANG_ENABLE_MODULES = YES;
				CLANG_ENABLE_OBJC_ARC = YES;
				CLANG_WARN_BOOL_CONVERSION = YES;
				CLANG_WARN_CONSTANT_CONVERSION = YES;
				CLANG_WARN_DIRECT_OBJC_ISA_USAGE = YES_ERROR;
				CLANG_WARN_EMPTY_BODY = YES;
				CLANG_WARN_ENUM_CONVERSION = YES;
				CLANG_WARN_INT_CONVERSION = YES;
				CLANG_WARN_OBJC_ROOT_CLASS = YES_ERROR;
				CLANG_WARN_UNREACHABLE_CODE = YES;
				CLANG_WARN__DUPLICATE_METHOD_MATCH = YES;
				"CODE_SIGN_IDENTITY[sdk=iphoneos*]" = "iPhone Developer";
				COPY_PHASE_STRIP = YES;
				ENABLE_NS_ASSERTIONS = NO;
				ENABLE_STRICT_OBJC_MSGSEND = YES;
				GCC_C_LANGUAGE_STANDARD = gnu99;
				GCC_WARN_64_TO_32_BIT_CONVERSION = YES;
				GCC_WARN_ABOUT_RETURN_TYPE = YES_ERROR;
				GCC_WARN_UNDECLARED_SELECTOR = YES;
				GCC_WARN_UNINITIALIZED_AUTOS = YES_AGGRESSIVE;
				GCC_WARN_UNUSED_FUNCTION = YES;
				GCC_WARN_UNUSED_VARIABLE = YES;
				IPHONEOS_DEPLOYMENT_TARGET = 8.1;
				MTL_ENABLE_DEBUG_INFO = NO;
				SDKROOT = iphoneos;
				VALIDATE_PRODUCT = YES;
			};
			name = Release;
		};
		3827C79C1A290AA100AFBB58 /* Debug */ = {
			isa = XCBuildConfiguration;
			buildSettings = {
				ASSETCATALOG_COMPILER_APPICON_NAME = AppIcon;
				INFOPLIST_FILE = BullsEye/Info.plist;
				LD_RUNPATH_SEARCH_PATHS = "$(inherited) @executable_path/Frameworks";
				PRODUCT_NAME = "$(TARGET_NAME)";
			};
			name = Debug;
		};
		3827C79D1A290AA100AFBB58 /* Release */ = {
			isa = XCBuildConfiguration;
			buildSettings = {
				ASSETCATALOG_COMPILER_APPICON_NAME = AppIcon;
				INFOPLIST_FILE = BullsEye/Info.plist;
				LD_RUNPATH_SEARCH_PATHS = "$(inherited) @executable_path/Frameworks";
				PRODUCT_NAME = "$(TARGET_NAME)";
			};
			name = Release;
		};
		3827C79F1A290AA100AFBB58 /* Debug */ = {
			isa = XCBuildConfiguration;
			buildSettings = {
				BUNDLE_LOADER = "$(TEST_HOST)";
				FRAMEWORK_SEARCH_PATHS = (
					"$(SDKROOT)/Developer/Library/Frameworks",
					"$(inherited)",
				);
				GCC_PREPROCESSOR_DEFINITIONS = (
					"DEBUG=1",
					"$(inherited)",
				);
				INFOPLIST_FILE = BullsEyeTests/Info.plist;
				LD_RUNPATH_SEARCH_PATHS = "$(inherited) @executable_path/Frameworks @loader_path/Frameworks";
				PRODUCT_NAME = "$(TARGET_NAME)";
				TEST_HOST = "$(BUILT_PRODUCTS_DIR)/BullsEye.app/BullsEye";
			};
			name = Debug;
		};
		3827C7A01A290AA100AFBB58 /* Release */ = {
			isa = XCBuildConfiguration;
			buildSettings = {
				BUNDLE_LOADER = "$(TEST_HOST)";
				FRAMEWORK_SEARCH_PATHS = (
					"$(SDKROOT)/Developer/Library/Frameworks",
					"$(inherited)",
				);
				INFOPLIST_FILE = BullsEyeTests/Info.plist;
				LD_RUNPATH_SEARCH_PATHS = "$(inherited) @executable_path/Frameworks @loader_path/Frameworks";
				PRODUCT_NAME = "$(TARGET_NAME)";
				TEST_HOST = "$(BUILT_PRODUCTS_DIR)/BullsEye.app/BullsEye";
			};
			name = Release;
		};
/* End XCBuildConfiguration section */

/* Begin XCConfigurationList section */
		3827C7771A290AA100AFBB58 /* Build configuration list for PBXProject "BullsEye" */ = {
			isa = XCConfigurationList;
			buildConfigurations = (
				3827C7991A290AA100AFBB58 /* Debug */,
				3827C79A1A290AA100AFBB58 /* Release */,
			);
			defaultConfigurationIsVisible = 0;
			defaultConfigurationName = Release;
		};
		3827C79B1A290AA100AFBB58 /* Build configuration list for PBXNativeTarget "BullsEye" */ = {
			isa = XCConfigurationList;
			buildConfigurations = (
				3827C79C1A290AA100AFBB58 /* Debug */,
				3827C79D1A290AA100AFBB58 /* Release */,
			);
			defaultConfigurationIsVisible = 0;
		};
		3827C79E1A290AA100AFBB58 /* Build configuration list for PBXNativeTarget "BullsEyeTests" */ = {
			isa = XCConfigurationList;
			buildConfigurations = (
				3827C79F1A290AA100AFBB58 /* Debug */,
				3827C7A01A290AA100AFBB58 /* Release */,
			);
			defaultConfigurationIsVisible = 0;
		};
/* End XCConfigurationList section */
	};
	rootObject = 3827C7741A290AA100AFBB58 /* Project object */;
}
